// !$*UTF8*$!
{
	archiveVersion = 1;
	classes = {
	};
	objectVersion = 46;
	objects = {

/* Begin PBXBuildFile section */
		93B072401C78D6CE0027BC16 /* CurrentSessionViewController.swift in Sources */ = {isa = PBXBuildFile; fileRef = 93B0723E1C78D6CE0027BC16 /* CurrentSessionViewController.swift */; };
		93B072411C78D6CE0027BC16 /* CurrentSessionViewController.xib in Resources */ = {isa = PBXBuildFile; fileRef = 93B0723F1C78D6CE0027BC16 /* CurrentSessionViewController.xib */; };
		93B072441C78DD690027BC16 /* StatsViewController.swift in Sources */ = {isa = PBXBuildFile; fileRef = 93B072421C78DD690027BC16 /* StatsViewController.swift */; };
		93B072451C78DD690027BC16 /* StatsViewController.xib in Resources */ = {isa = PBXBuildFile; fileRef = 93B072431C78DD690027BC16 /* StatsViewController.xib */; };
		93B072491C7911450027BC16 /* CircleButton.swift in Sources */ = {isa = PBXBuildFile; fileRef = 93B072481C7911450027BC16 /* CircleButton.swift */; };
		93B0724C1C7976050027BC16 /* work.json in Resources */ = {isa = PBXBuildFile; fileRef = 93B0724B1C7976050027BC16 /* work.json */; };
		93B0724E1C79BF830027BC16 /* BoundedTopScrollView.swift in Sources */ = {isa = PBXBuildFile; fileRef = 93B0724D1C79BF820027BC16 /* BoundedTopScrollView.swift */; };
		93B0945E1C782CAF00CBF9A5 /* AppDelegate.swift in Sources */ = {isa = PBXBuildFile; fileRef = 93B0945D1C782CAF00CBF9A5 /* AppDelegate.swift */; };
		93B094601C782CAF00CBF9A5 /* Assets.xcassets in Resources */ = {isa = PBXBuildFile; fileRef = 93B0945F1C782CAF00CBF9A5 /* Assets.xcassets */; };
		93B094631C782CAF00CBF9A5 /* MainMenu.xib in Resources */ = {isa = PBXBuildFile; fileRef = 93B094611C782CAF00CBF9A5 /* MainMenu.xib */; };
		93B0946C1C78304900CBF9A5 /* ContainerViewController.swift in Sources */ = {isa = PBXBuildFile; fileRef = 93B0946A1C78304900CBF9A5 /* ContainerViewController.swift */; };
		93B0946D1C78304900CBF9A5 /* ContainerViewController.xib in Resources */ = {isa = PBXBuildFile; fileRef = 93B0946B1C78304900CBF9A5 /* ContainerViewController.xib */; };
		93B094981C7835CA00CBF9A5 /* FocusManager.swift in Sources */ = {isa = PBXBuildFile; fileRef = 93B094971C7835CA00CBF9A5 /* FocusManager.swift */; };
		E151B7F11C7912F400D1D595 /* Firebase.framework in Frameworks */ = {isa = PBXBuildFile; fileRef = E151B7F01C7912F400D1D595 /* Firebase.framework */; };
		E151B7F31C79133E00D1D595 /* libc++.tbd in Frameworks */ = {isa = PBXBuildFile; fileRef = E151B7F21C79133E00D1D595 /* libc++.tbd */; };
		E151B7F51C79134900D1D595 /* libicucore.tbd in Frameworks */ = {isa = PBXBuildFile; fileRef = E151B7F41C79134900D1D595 /* libicucore.tbd */; };
		E151B7F71C79135300D1D595 /* CFNetwork.framework in Frameworks */ = {isa = PBXBuildFile; fileRef = E151B7F61C79135300D1D595 /* CFNetwork.framework */; };
		E151B7F91C79135F00D1D595 /* Security.framework in Frameworks */ = {isa = PBXBuildFile; fileRef = E151B7F81C79135F00D1D595 /* Security.framework */; };
		E151B7FB1C79136500D1D595 /* SystemConfiguration.framework in Frameworks */ = {isa = PBXBuildFile; fileRef = E151B7FA1C79136500D1D595 /* SystemConfiguration.framework */; };
		E1F253C61C79163D007C96BB /* Firebase.framework in Frameworks */ = {isa = PBXBuildFile; fileRef = E1F253C51C79163D007C96BB /* Firebase.framework */; };
		E1F253C81C791CE0007C96BB /* RestrictionProfileSessionManager.swift in Sources */ = {isa = PBXBuildFile; fileRef = E1F253C71C791CE0007C96BB /* RestrictionProfileSessionManager.swift */; };
		E1F253CA1C792C6C007C96BB /* RestrictionProfile.swift in Sources */ = {isa = PBXBuildFile; fileRef = E1F253C91C792C6C007C96BB /* RestrictionProfile.swift */; };
		E1F253CE1C7936F3007C96BB /* SwiftyJSON.swift in Sources */ = {isa = PBXBuildFile; fileRef = E1F253CD1C7936F3007C96BB /* SwiftyJSON.swift */; };
/* End PBXBuildFile section */

/* Begin PBXCopyFilesBuildPhase section */
		93B094841C7830A200CBF9A5 /* Embed App Extensions */ = {
			isa = PBXCopyFilesBuildPhase;
			buildActionMask = 2147483647;
			dstPath = "";
			dstSubfolderSpec = 13;
			files = (
			);
			name = "Embed App Extensions";
			runOnlyForDeploymentPostprocessing = 0;
		};
/* End PBXCopyFilesBuildPhase section */

/* Begin PBXFileReference section */
		93B0723E1C78D6CE0027BC16 /* CurrentSessionViewController.swift */ = {isa = PBXFileReference; fileEncoding = 4; lastKnownFileType = sourcecode.swift; path = CurrentSessionViewController.swift; sourceTree = "<group>"; };
		93B0723F1C78D6CE0027BC16 /* CurrentSessionViewController.xib */ = {isa = PBXFileReference; fileEncoding = 4; lastKnownFileType = file.xib; path = CurrentSessionViewController.xib; sourceTree = "<group>"; };
		93B072421C78DD690027BC16 /* StatsViewController.swift */ = {isa = PBXFileReference; fileEncoding = 4; lastKnownFileType = sourcecode.swift; path = StatsViewController.swift; sourceTree = "<group>"; };
		93B072431C78DD690027BC16 /* StatsViewController.xib */ = {isa = PBXFileReference; fileEncoding = 4; lastKnownFileType = file.xib; path = StatsViewController.xib; sourceTree = "<group>"; };
		93B072481C7911450027BC16 /* CircleButton.swift */ = {isa = PBXFileReference; fileEncoding = 4; lastKnownFileType = sourcecode.swift; path = CircleButton.swift; sourceTree = "<group>"; };
		93B0724B1C7976050027BC16 /* work.json */ = {isa = PBXFileReference; fileEncoding = 4; lastKnownFileType = text.json; path = work.json; sourceTree = "<group>"; };
		93B0724D1C79BF820027BC16 /* BoundedTopScrollView.swift */ = {isa = PBXFileReference; fileEncoding = 4; lastKnownFileType = sourcecode.swift; path = BoundedTopScrollView.swift; sourceTree = "<group>"; };
		93B0945A1C782CAF00CBF9A5 /* HackIllinois.app */ = {isa = PBXFileReference; explicitFileType = wrapper.application; includeInIndex = 0; path = HackIllinois.app; sourceTree = BUILT_PRODUCTS_DIR; };
		93B0945D1C782CAF00CBF9A5 /* AppDelegate.swift */ = {isa = PBXFileReference; lastKnownFileType = sourcecode.swift; path = AppDelegate.swift; sourceTree = "<group>"; };
		93B0945F1C782CAF00CBF9A5 /* Assets.xcassets */ = {isa = PBXFileReference; lastKnownFileType = folder.assetcatalog; path = Assets.xcassets; sourceTree = "<group>"; };
		93B094621C782CAF00CBF9A5 /* Base */ = {isa = PBXFileReference; lastKnownFileType = file.xib; name = Base; path = Base.lproj/MainMenu.xib; sourceTree = "<group>"; };
		93B094641C782CAF00CBF9A5 /* Info.plist */ = {isa = PBXFileReference; lastKnownFileType = text.plist.xml; path = Info.plist; sourceTree = "<group>"; };
		93B0946A1C78304900CBF9A5 /* ContainerViewController.swift */ = {isa = PBXFileReference; fileEncoding = 4; lastKnownFileType = sourcecode.swift; path = ContainerViewController.swift; sourceTree = "<group>"; };
		93B0946B1C78304900CBF9A5 /* ContainerViewController.xib */ = {isa = PBXFileReference; fileEncoding = 4; lastKnownFileType = file.xib; path = ContainerViewController.xib; sourceTree = "<group>"; };
		93B094761C7830A200CBF9A5 /* Cocoa.framework */ = {isa = PBXFileReference; lastKnownFileType = wrapper.framework; name = Cocoa.framework; path = System/Library/Frameworks/Cocoa.framework; sourceTree = SDKROOT; };
		93B094971C7835CA00CBF9A5 /* FocusManager.swift */ = {isa = PBXFileReference; fileEncoding = 4; lastKnownFileType = sourcecode.swift; path = FocusManager.swift; sourceTree = "<group>"; };
		E151B7F01C7912F400D1D595 /* Firebase.framework */ = {isa = PBXFileReference; lastKnownFileType = wrapper.framework; name = Firebase.framework; path = /Users/Hopkins/Development/hackillinois/Firebase.framework; sourceTree = "<absolute>"; };
		E151B7F21C79133E00D1D595 /* libc++.tbd */ = {isa = PBXFileReference; lastKnownFileType = "sourcecode.text-based-dylib-definition"; name = "libc++.tbd"; path = "usr/lib/libc++.tbd"; sourceTree = SDKROOT; };
		E151B7F41C79134900D1D595 /* libicucore.tbd */ = {isa = PBXFileReference; lastKnownFileType = "sourcecode.text-based-dylib-definition"; name = libicucore.tbd; path = usr/lib/libicucore.tbd; sourceTree = SDKROOT; };
		E151B7F61C79135300D1D595 /* CFNetwork.framework */ = {isa = PBXFileReference; lastKnownFileType = wrapper.framework; name = CFNetwork.framework; path = System/Library/Frameworks/CFNetwork.framework; sourceTree = SDKROOT; };
		E151B7F81C79135F00D1D595 /* Security.framework */ = {isa = PBXFileReference; lastKnownFileType = wrapper.framework; name = Security.framework; path = System/Library/Frameworks/Security.framework; sourceTree = SDKROOT; };
		E151B7FA1C79136500D1D595 /* SystemConfiguration.framework */ = {isa = PBXFileReference; lastKnownFileType = wrapper.framework; name = SystemConfiguration.framework; path = System/Library/Frameworks/SystemConfiguration.framework; sourceTree = SDKROOT; };
		E1F253C51C79163D007C96BB /* Firebase.framework */ = {isa = PBXFileReference; lastKnownFileType = wrapper.framework; name = Firebase.framework; path = ../Firebase.framework; sourceTree = "<group>"; };
		E1F253C71C791CE0007C96BB /* RestrictionProfileSessionManager.swift */ = {isa = PBXFileReference; fileEncoding = 4; lastKnownFileType = sourcecode.swift; path = RestrictionProfileSessionManager.swift; sourceTree = "<group>"; };
		E1F253C91C792C6C007C96BB /* RestrictionProfile.swift */ = {isa = PBXFileReference; fileEncoding = 4; lastKnownFileType = sourcecode.swift; path = RestrictionProfile.swift; sourceTree = "<group>"; };
		E1F253CD1C7936F3007C96BB /* SwiftyJSON.swift */ = {isa = PBXFileReference; fileEncoding = 4; lastKnownFileType = sourcecode.swift; path = SwiftyJSON.swift; sourceTree = "<group>"; };
/* End PBXFileReference section */

/* Begin PBXFrameworksBuildPhase section */
		93B094571C782CAF00CBF9A5 /* Frameworks */ = {
			isa = PBXFrameworksBuildPhase;
			buildActionMask = 2147483647;
			files = (
				E151B7FB1C79136500D1D595 /* SystemConfiguration.framework in Frameworks */,
				E151B7F91C79135F00D1D595 /* Security.framework in Frameworks */,
				E151B7F71C79135300D1D595 /* CFNetwork.framework in Frameworks */,
				E1F253C61C79163D007C96BB /* Firebase.framework in Frameworks */,
				E151B7F51C79134900D1D595 /* libicucore.tbd in Frameworks */,
				E151B7F31C79133E00D1D595 /* libc++.tbd in Frameworks */,
				E151B7F11C7912F400D1D595 /* Firebase.framework in Frameworks */,
			);
			runOnlyForDeploymentPostprocessing = 0;
		};
/* End PBXFrameworksBuildPhase section */

/* Begin PBXGroup section */
		93B072461C79110F0027BC16 /* Current Session */ = {
			isa = PBXGroup;
			children = (
				93B0723E1C78D6CE0027BC16 /* CurrentSessionViewController.swift */,
				93B0723F1C78D6CE0027BC16 /* CurrentSessionViewController.xib */,
				93B072481C7911450027BC16 /* CircleButton.swift */,
			);
			name = "Current Session";
			sourceTree = "<group>";
		};
		93B072471C7911190027BC16 /* Stats */ = {
			isa = PBXGroup;
			children = (
				93B072421C78DD690027BC16 /* StatsViewController.swift */,
				93B072431C78DD690027BC16 /* StatsViewController.xib */,
				93B0724D1C79BF820027BC16 /* BoundedTopScrollView.swift */,
			);
			name = Stats;
			sourceTree = "<group>";
		};
		93B0724A1C79501C0027BC16 /* 3rd Party */ = {
			isa = PBXGroup;
			children = (
				E1F253C51C79163D007C96BB /* Firebase.framework */,
				E1F253CD1C7936F3007C96BB /* SwiftyJSON.swift */,
			);
			name = "3rd Party";
			path = HackIllinois;
			sourceTree = "<group>";
		};
		93B094511C782CAF00CBF9A5 = {
			isa = PBXGroup;
			children = (
				93B0945C1C782CAF00CBF9A5 /* HackIllinois */,
				93B094751C7830A200CBF9A5 /* Frameworks */,
				93B0945B1C782CAF00CBF9A5 /* Products */,
			);
			sourceTree = "<group>";
		};
		93B0945B1C782CAF00CBF9A5 /* Products */ = {
			isa = PBXGroup;
			children = (
				93B0945A1C782CAF00CBF9A5 /* HackIllinois.app */,
			);
			name = Products;
			sourceTree = "<group>";
		};
		93B0945C1C782CAF00CBF9A5 /* HackIllinois */ = {
			isa = PBXGroup;
			children = (
				93B0945D1C782CAF00CBF9A5 /* AppDelegate.swift */,
				93B094611C782CAF00CBF9A5 /* MainMenu.xib */,
				93B094971C7835CA00CBF9A5 /* FocusManager.swift */,
				E1F253C71C791CE0007C96BB /* RestrictionProfileSessionManager.swift */,
				E1F253C91C792C6C007C96BB /* RestrictionProfile.swift */,
				93B0946E1C78305200CBF9A5 /* View Controllers */,
				93B0946F1C78306800CBF9A5 /* Supporting Files */,
			);
			path = HackIllinois;
			sourceTree = "<group>";
		};
		93B0946E1C78305200CBF9A5 /* View Controllers */ = {
			isa = PBXGroup;
			children = (
				93B0946A1C78304900CBF9A5 /* ContainerViewController.swift */,
				93B0946B1C78304900CBF9A5 /* ContainerViewController.xib */,
				93B072461C79110F0027BC16 /* Current Session */,
				93B072471C7911190027BC16 /* Stats */,
			);
			name = "View Controllers";
			sourceTree = "<group>";
		};
		93B0946F1C78306800CBF9A5 /* Supporting Files */ = {
			isa = PBXGroup;
			children = (
				93B0945F1C782CAF00CBF9A5 /* Assets.xcassets */,
				93B0724B1C7976050027BC16 /* work.json */,
				93B094641C782CAF00CBF9A5 /* Info.plist */,
			);
			name = "Supporting Files";
			sourceTree = "<group>";
		};
		93B094751C7830A200CBF9A5 /* Frameworks */ = {
			isa = PBXGroup;
			children = (
				93B0724A1C79501C0027BC16 /* 3rd Party */,
				E151B7FA1C79136500D1D595 /* SystemConfiguration.framework */,
				E151B7F81C79135F00D1D595 /* Security.framework */,
				E151B7F61C79135300D1D595 /* CFNetwork.framework */,
				E151B7F41C79134900D1D595 /* libicucore.tbd */,
				E151B7F21C79133E00D1D595 /* libc++.tbd */,
				93B094761C7830A200CBF9A5 /* Cocoa.framework */,
			);
			name = Frameworks;
			sourceTree = "<group>";
		};
/* End PBXGroup section */

/* Begin PBXNativeTarget section */
		93B094591C782CAF00CBF9A5 /* HackIllinois */ = {
			isa = PBXNativeTarget;
			buildConfigurationList = 93B094671C782CAF00CBF9A5 /* Build configuration list for PBXNativeTarget "HackIllinois" */;
			buildPhases = (
				93B094561C782CAF00CBF9A5 /* Sources */,
				93B094571C782CAF00CBF9A5 /* Frameworks */,
				93B094581C782CAF00CBF9A5 /* Resources */,
				93B094841C7830A200CBF9A5 /* Embed App Extensions */,
			);
			buildRules = (
			);
			dependencies = (
			);
			name = HackIllinois;
			productName = HackIllinois;
			productReference = 93B0945A1C782CAF00CBF9A5 /* HackIllinois.app */;
			productType = "com.apple.product-type.application";
		};
/* End PBXNativeTarget section */

/* Begin PBXProject section */
		93B094521C782CAF00CBF9A5 /* Project object */ = {
			isa = PBXProject;
			attributes = {
				LastSwiftUpdateCheck = 0720;
				LastUpgradeCheck = 0720;
				ORGANIZATIONNAME = KelHop;
				TargetAttributes = {
					93B094591C782CAF00CBF9A5 = {
						CreatedOnToolsVersion = 7.2.1;
						DevelopmentTeam = C835JB7RUE;
					};
				};
			};
			buildConfigurationList = 93B094551C782CAF00CBF9A5 /* Build configuration list for PBXProject "HackIllinois" */;
			compatibilityVersion = "Xcode 3.2";
			developmentRegion = English;
			hasScannedForEncodings = 0;
			knownRegions = (
				en,
				Base,
			);
			mainGroup = 93B094511C782CAF00CBF9A5;
			productRefGroup = 93B0945B1C782CAF00CBF9A5 /* Products */;
			projectDirPath = "";
			projectRoot = "";
			targets = (
				93B094591C782CAF00CBF9A5 /* HackIllinois */,
			);
		};
/* End PBXProject section */

/* Begin PBXResourcesBuildPhase section */
		93B094581C782CAF00CBF9A5 /* Resources */ = {
			isa = PBXResourcesBuildPhase;
			buildActionMask = 2147483647;
			files = (
				93B094601C782CAF00CBF9A5 /* Assets.xcassets in Resources */,
				93B094631C782CAF00CBF9A5 /* MainMenu.xib in Resources */,
				93B072451C78DD690027BC16 /* StatsViewController.xib in Resources */,
				93B072411C78D6CE0027BC16 /* CurrentSessionViewController.xib in Resources */,
				93B0946D1C78304900CBF9A5 /* ContainerViewController.xib in Resources */,
				93B0724C1C7976050027BC16 /* work.json in Resources */,
			);
			runOnlyForDeploymentPostprocessing = 0;
		};
/* End PBXResourcesBuildPhase section */

/* Begin PBXSourcesBuildPhase section */
		93B094561C782CAF00CBF9A5 /* Sources */ = {
			isa = PBXSourcesBuildPhase;
			buildActionMask = 2147483647;
			files = (
				E1F253C81C791CE0007C96BB /* RestrictionProfileSessionManager.swift in Sources */,
				93B0946C1C78304900CBF9A5 /* ContainerViewController.swift in Sources */,
				93B094981C7835CA00CBF9A5 /* FocusManager.swift in Sources */,
				E1F253CE1C7936F3007C96BB /* SwiftyJSON.swift in Sources */,
				93B0945E1C782CAF00CBF9A5 /* AppDelegate.swift in Sources */,
				93B0724E1C79BF830027BC16 /* BoundedTopScrollView.swift in Sources */,
				E1F253CA1C792C6C007C96BB /* RestrictionProfile.swift in Sources */,
				93B072491C7911450027BC16 /* CircleButton.swift in Sources */,
				93B072441C78DD690027BC16 /* StatsViewController.swift in Sources */,
				93B072401C78D6CE0027BC16 /* CurrentSessionViewController.swift in Sources */,
			);
			runOnlyForDeploymentPostprocessing = 0;
		};
/* End PBXSourcesBuildPhase section */

/* Begin PBXVariantGroup section */
		93B094611C782CAF00CBF9A5 /* MainMenu.xib */ = {
			isa = PBXVariantGroup;
			children = (
				93B094621C782CAF00CBF9A5 /* Base */,
			);
			name = MainMenu.xib;
			sourceTree = "<group>";
		};
/* End PBXVariantGroup section */

/* Begin XCBuildConfiguration section */
		93B094651C782CAF00CBF9A5 /* Debug */ = {
			isa = XCBuildConfiguration;
			buildSettings = {
				ALWAYS_SEARCH_USER_PATHS = NO;
				CLANG_CXX_LANGUAGE_STANDARD = "gnu++0x";
				CLANG_CXX_LIBRARY = "libc++";
				CLANG_ENABLE_MODULES = YES;
				CLANG_ENABLE_OBJC_ARC = YES;
				CLANG_WARN_BOOL_CONVERSION = YES;
				CLANG_WARN_CONSTANT_CONVERSION = YES;
				CLANG_WARN_DIRECT_OBJC_ISA_USAGE = YES_ERROR;
				CLANG_WARN_EMPTY_BODY = YES;
				CLANG_WARN_ENUM_CONVERSION = YES;
				CLANG_WARN_INT_CONVERSION = YES;
				CLANG_WARN_OBJC_ROOT_CLASS = YES_ERROR;
				CLANG_WARN_UNREACHABLE_CODE = YES;
				CLANG_WARN__DUPLICATE_METHOD_MATCH = YES;
				CODE_SIGN_IDENTITY = "-";
				COPY_PHASE_STRIP = NO;
				DEBUG_INFORMATION_FORMAT = dwarf;
				ENABLE_STRICT_OBJC_MSGSEND = YES;
				ENABLE_TESTABILITY = YES;
				GCC_C_LANGUAGE_STANDARD = gnu99;
				GCC_DYNAMIC_NO_PIC = NO;
				GCC_NO_COMMON_BLOCKS = YES;
				GCC_OPTIMIZATION_LEVEL = 0;
				GCC_PREPROCESSOR_DEFINITIONS = (
					"DEBUG=1",
					"$(inherited)",
				);
				GCC_WARN_64_TO_32_BIT_CONVERSION = YES;
				GCC_WARN_ABOUT_RETURN_TYPE = YES_ERROR;
				GCC_WARN_UNDECLARED_SELECTOR = YES;
				GCC_WARN_UNINITIALIZED_AUTOS = YES_AGGRESSIVE;
				GCC_WARN_UNUSED_FUNCTION = YES;
				GCC_WARN_UNUSED_VARIABLE = YES;
				MACOSX_DEPLOYMENT_TARGET = 10.11;
				MTL_ENABLE_DEBUG_INFO = YES;
				ONLY_ACTIVE_ARCH = YES;
				SDKROOT = macosx;
				SWIFT_OPTIMIZATION_LEVEL = "-Onone";
			};
			name = Debug;
		};
		93B094661C782CAF00CBF9A5 /* Release */ = {
			isa = XCBuildConfiguration;
			buildSettings = {
				ALWAYS_SEARCH_USER_PATHS = NO;
				CLANG_CXX_LANGUAGE_STANDARD = "gnu++0x";
				CLANG_CXX_LIBRARY = "libc++";
				CLANG_ENABLE_MODULES = YES;
				CLANG_ENABLE_OBJC_ARC = YES;
				CLANG_WARN_BOOL_CONVERSION = YES;
				CLANG_WARN_CONSTANT_CONVERSION = YES;
				CLANG_WARN_DIRECT_OBJC_ISA_USAGE = YES_ERROR;
				CLANG_WARN_EMPTY_BODY = YES;
				CLANG_WARN_ENUM_CONVERSION = YES;
				CLANG_WARN_INT_CONVERSION = YES;
				CLANG_WARN_OBJC_ROOT_CLASS = YES_ERROR;
				CLANG_WARN_UNREACHABLE_CODE = YES;
				CLANG_WARN__DUPLICATE_METHOD_MATCH = YES;
				CODE_SIGN_IDENTITY = "-";
				COPY_PHASE_STRIP = NO;
				DEBUG_INFORMATION_FORMAT = "dwarf-with-dsym";
				ENABLE_NS_ASSERTIONS = NO;
				ENABLE_STRICT_OBJC_MSGSEND = YES;
				GCC_C_LANGUAGE_STANDARD = gnu99;
				GCC_NO_COMMON_BLOCKS = YES;
				GCC_WARN_64_TO_32_BIT_CONVERSION = YES;
				GCC_WARN_ABOUT_RETURN_TYPE = YES_ERROR;
				GCC_WARN_UNDECLARED_SELECTOR = YES;
				GCC_WARN_UNINITIALIZED_AUTOS = YES_AGGRESSIVE;
				GCC_WARN_UNUSED_FUNCTION = YES;
				GCC_WARN_UNUSED_VARIABLE = YES;
				MACOSX_DEPLOYMENT_TARGET = 10.11;
				MTL_ENABLE_DEBUG_INFO = NO;
				SDKROOT = macosx;
			};
			name = Release;
		};
		93B094681C782CAF00CBF9A5 /* Debug */ = {
			isa = XCBuildConfiguration;
			buildSettings = {
				ASSETCATALOG_COMPILER_APPICON_NAME = AppIcon;
				COMBINE_HIDPI_IMAGES = YES;
				EMBEDDED_CONTENT_CONTAINS_SWIFT = YES;
				FRAMEWORK_SEARCH_PATHS = (
					"$(inherited)",
					"$(PROJECT_DIR)",
				);
				INFOPLIST_FILE = HackIllinois/Info.plist;
				LD_RUNPATH_SEARCH_PATHS = "$(inherited) @executable_path/../Frameworks";
				PRODUCT_BUNDLE_IDENTIFIER = com.kelhop.HackIllinois;
				PRODUCT_NAME = "$(TARGET_NAME)";
			};
			name = Debug;
		};
		93B094691C782CAF00CBF9A5 /* Release */ = {
			isa = XCBuildConfiguration;
			buildSettings = {
				ASSETCATALOG_COMPILER_APPICON_NAME = AppIcon;
				COMBINE_HIDPI_IMAGES = YES;
				EMBEDDED_CONTENT_CONTAINS_SWIFT = YES;
				FRAMEWORK_SEARCH_PATHS = (
					"$(inherited)",
					"$(PROJECT_DIR)",
				);
				INFOPLIST_FILE = HackIllinois/Info.plist;
				LD_RUNPATH_SEARCH_PATHS = "$(inherited) @executable_path/../Frameworks";
				PRODUCT_BUNDLE_IDENTIFIER = com.kelhop.HackIllinois;
				PRODUCT_NAME = "$(TARGET_NAME)";
			};
			name = Release;
		};
/* End XCBuildConfiguration section */

/* Begin XCConfigurationList section */
		93B094551C782CAF00CBF9A5 /* Build configuration list for PBXProject "HackIllinois" */ = {
			isa = XCConfigurationList;
			buildConfigurations = (
				93B094651C782CAF00CBF9A5 /* Debug */,
				93B094661C782CAF00CBF9A5 /* Release */,
			);
			defaultConfigurationIsVisible = 0;
			defaultConfigurationName = Release;
		};
		93B094671C782CAF00CBF9A5 /* Build configuration list for PBXNativeTarget "HackIllinois" */ = {
			isa = XCConfigurationList;
			buildConfigurations = (
				93B094681C782CAF00CBF9A5 /* Debug */,
				93B094691C782CAF00CBF9A5 /* Release */,
			);
			defaultConfigurationIsVisible = 0;
			defaultConfigurationName = Release;
		};
/* End XCConfigurationList section */
	};
	rootObject = 93B094521C782CAF00CBF9A5 /* Project object */;
}
